
Microsoft Visual Studio Solution File, Format Version 12.00
# Visual Studio Version 17
VisualStudioVersion = 17.4.33122.133
MinimumVisualStudioVersion = 10.0.40219.1
Project("{FAE04EC0-301F-11D3-BF4B-00C04F79EFBC}") = "Demo14April", "Demo14April\Demo14April.csproj", "{AA1F657E-B0CD-4912-A81E-201963237CB4}"
EndProject
Global
	GlobalSection(SolutionConfigurationPlatforms) = preSolution
		Debug|Any CPU = Debug|Any CPU
		Release|Any CPU = Release|Any CPU
	EndGlobalSection
	GlobalSection(ProjectConfigurationPlatforms) = postSolution
		{AA1F657E-B0CD-4912-A81E-201963237CB4}.Debug|Any CPU.ActiveCfg = Debug|Any CPU
		{AA1F657E-B0CD-4912-A81E-201963237CB4}.Debug|Any CPU.Build.0 = Debug|Any CPU
		{AA1F657E-B0CD-4912-A81E-201963237CB4}.Release|Any CPU.ActiveCfg = Release|Any CPU
		{AA1F657E-B0CD-4912-A81E-201963237CB4}.Release|Any CPU.Build.0 = Release|Any CPU
	EndGlobalSection
	GlobalSection(SolutionProperties) = preSolution
		HideSolutionNode = FALSE
	EndGlobalSection
	GlobalSection(ExtensibilityGlobals) = postSolution
		SolutionGuid = {293804F5-BA9C-4A99-987C-35FCBD10E3DA}
	EndGlobalSection
EndGlobal
